
Microsoft Visual Studio Solution File, Format Version 12.00
# Visual Studio Version 16
VisualStudioVersion = 16.0.31313.79
MinimumVisualStudioVersion = 10.0.40219.1
Project("{FAE04EC0-301F-11D3-BF4B-00C04F79EFBC}") = "BingWallPaper", "BingWallPaper.csproj", "{FD7C9BFE-4558-46E6-BB38-418D56A5521A}"
EndProject
Global
	GlobalSection(SolutionConfigurationPlatforms) = preSolution
		Debug|Any CPU = Debug|Any CPU
		Release|Any CPU = Release|Any CPU
	EndGlobalSection
	GlobalSection(ProjectConfigurationPlatforms) = postSolution
		{FD7C9BFE-4558-46E6-BB38-418D56A5521A}.Debug|Any CPU.ActiveCfg = Debug|Any CPU
		{FD7C9BFE-4558-46E6-BB38-418D56A5521A}.Debug|Any CPU.Build.0 = Debug|Any CPU
		{FD7C9BFE-4558-46E6-BB38-418D56A5521A}.Release|Any CPU.ActiveCfg = Release|Any CPU
		{FD7C9BFE-4558-46E6-BB38-418D56A5521A}.Release|Any CPU.Build.0 = Release|Any CPU
	EndGlobalSection
	GlobalSection(SolutionProperties) = preSolution
		HideSolutionNode = FALSE
	EndGlobalSection
	GlobalSection(ExtensibilityGlobals) = postSolution
		SolutionGuid = {879F9A82-B266-45A3-B618-262D665A890B}
	EndGlobalSection
EndGlobal
